# THIS IS AN AUTOGENERATED FILE. DO NOT EDIT THIS FILE DIRECTLY.
# yarn lockfile v1


"@cloudflare/kv-asset-handler@0.4.1":
  version "0.4.1"
  resolved "https://registry.npmjs.org/@cloudflare/kv-asset-handler/-/kv-asset-handler-0.4.1.tgz"
  integrity sha512-Nu8ahitGFFJztxUml9oD/DLb7Z28C8cd8F46IVQ7y5Btz575pvMY8AqZsXkX7Gds29eCKdMgIHjIvzskHgPSFg==
  dependencies:
    mime "^3.0.0"

"@cloudflare/unenv-preset@2.7.13":
  version "2.7.13"
  resolved "https://registry.npmjs.org/@cloudflare/unenv-preset/-/unenv-preset-2.7.13.tgz"
  integrity sha512-NulO1H8R/DzsJguLC0ndMuk4Ufv0KSlN+E54ay9rn9ZCQo0kpAPwwh3LhgpZ96a3Dr6L9LqW57M4CqC34iLOvw==

"@cloudflare/workerd-linux-64@1.20251210.0":
  version "1.20251210.0"
  resolved "https://registry.npmjs.org/@cloudflare/workerd-linux-64/-/workerd-linux-64-1.20251210.0.tgz"
  integrity sha512-kjC2fCZhZ2Gkm1biwk2qByAYpGguK5Gf5ic8owzSCUw0FOUfQxTZUT9Lp3gApxsfTLbbnLBrX/xzWjywH9QR4g==

"@cspotcode/source-map-support@0.8.1":
  version "0.8.1"
  resolved "https://registry.npmjs.org/@cspotcode/source-map-support/-/source-map-support-0.8.1.tgz"
  integrity sha512-IchNf6dN4tHoMFIn/7OE8LWZ19Y6q/67Bmf6vnGREv8RSbBVb9LPJxEcnwrcwX6ixSvaiGoomAUvu4YSxXrVgw==
  dependencies:
    "@jridgewell/trace-mapping" "0.3.9"

"@esbuild/linux-x64@0.27.0":
  version "0.27.0"
  resolved "https://registry.npmjs.org/@esbuild/linux-x64/-/linux-x64-0.27.0.tgz"
  integrity sha512-1hBWx4OUJE2cab++aVZ7pObD6s+DK4mPGpemtnAORBvb5l/g5xFGk0vc0PjSkrDs0XaXj9yyob3d14XqvnQ4gw==

"@img/sharp-libvips-linux-x64@1.0.4":
  version "1.0.4"
  resolved "https://registry.npmjs.org/@img/sharp-libvips-linux-x64/-/sharp-libvips-linux-x64-1.0.4.tgz"
  integrity sha512-MmWmQ3iPFZr0Iev+BAgVMb3ZyC4KeFc3jFxnNbEPas60e1cIfevbtuyf9nDGIzOaW9PdnDciJm+wFFaTlj5xYw==

"@img/sharp-linux-x64@0.33.5":
  version "0.33.5"
  resolved "https://registry.npmjs.org/@img/sharp-linux-x64/-/sharp-linux-x64-0.33.5.tgz"
  integrity sha512-opC+Ok5pRNAzuvq1AG0ar+1owsu842/Ab+4qvU879ippJBHvyY5n2mxF1izXqkPYlGuP/M556uh53jRLJmzTWA==
  optionalDependencies:
    "@img/sharp-libvips-linux-x64" "1.0.4"

"@jridgewell/resolve-uri@^3.0.3":
  version "3.1.0"
  resolved "https://registry.npmjs.org/@jridgewell/resolve-uri/-/resolve-uri-3.1.0.tgz"
  integrity sha512-F2msla3tad+Mfht5cJq7LSXcdudKTWCVYUgw6pLFOOHSTtZlj6SWNYAp+AhuqLmWdBO2X5hPrLcu8cVP8fy28w==

"@jridgewell/sourcemap-codec@^1.4.10":
  version "1.4.14"
  resolved "https://registry.npmjs.org/@jridgewell/sourcemap-codec/-/sourcemap-codec-1.4.14.tgz"
  integrity sha512-XPSJHWmi394fuUuzDnGz1wiKqWfo1yXecHQMRf2l6hztTO+nPru658AyDngaBe7isIxEkRsPR3FZh+s7iVa4Uw==

"@jridgewell/trace-mapping@0.3.9":
  version "0.3.9"
  resolved "https://registry.npmjs.org/@jridgewell/trace-mapping/-/trace-mapping-0.3.9.tgz"
  integrity sha512-3Belt6tdc8bPgAtbcmdtNJlirVoTmEb5e2gC94PnkwEW9jI6CAHUeoG85tjWP5WquqfavoMtMwiG4P926ZKKuQ==
  dependencies:
    "@jridgewell/resolve-uri" "^3.0.3"
    "@jridgewell/sourcemap-codec" "^1.4.10"

"@poppinss/colors@^4.1.5":
  version "4.1.6"
  resolved "https://registry.npmjs.org/@poppinss/colors/-/colors-4.1.6.tgz"
  integrity sha512-H9xkIdFswbS8n1d6vmRd8+c10t2Qe+rZITbbDHHkQixH5+2x1FDGmi/0K+WgWiqQFKPSlIYB7jlH6Kpfn6Fleg==
  dependencies:
    kleur "^4.1.5"

"@poppinss/dumper@^0.6.4":
  version "0.6.5"
  resolved "https://registry.npmjs.org/@poppinss/dumper/-/dumper-0.6.5.tgz"
  integrity sha512-NBdYIb90J7LfOI32dOewKI1r7wnkiH6m920puQ3qHUeZkxNkQiFnXVWoE6YtFSv6QOiPPf7ys6i+HWWecDz7sw==
  dependencies:
    "@poppinss/colors" "^4.1.5"
    "@sindresorhus/is" "^7.0.2"
    supports-color "^10.0.0"

"@poppinss/exception@^1.2.2":
  version "1.2.3"
  resolved "https://registry.npmjs.org/@poppinss/exception/-/exception-1.2.3.tgz"
  integrity sha512-dCED+QRChTVatE9ibtoaxc+WkdzOSjYTKi/+uacHWIsfodVfpsueo3+DKpgU5Px8qXjgmXkSvhXvSCz3fnP9lw==

"@sindresorhus/is@^7.0.2":
  version "7.2.0"
  resolved "https://registry.npmjs.org/@sindresorhus/is/-/is-7.2.0.tgz"
  integrity sha512-P1Cz1dWaFfR4IR+U13mqqiGsLFf1KbayybWwdd2vfctdV6hDpUkgCY0nKOLLTMSoRd/jJNjtbqzf13K8DCCXQw==

"@speed-highlight/core@^1.2.7":
  version "1.2.14"
  resolved "https://registry.npmjs.org/@speed-highlight/core/-/core-1.2.14.tgz"
  integrity sha512-G4ewlBNhUtlLvrJTb88d2mdy2KRijzs4UhnlrOSRT4bmjh/IqNElZa3zkrZ+TC47TwtlDWzVLFADljF1Ijp5hA==

acorn-walk@8.3.2:
  version "8.3.2"
  resolved "https://registry.npmjs.org/acorn-walk/-/acorn-walk-8.3.2.tgz"
  integrity sha512-cjkyv4OtNCIeqhHrfS81QWXoCBPExR/J62oyEqepVw8WaQeSqpW2uhuLPh1m9eWhDuOo/jUXVTlifvesOWp/4A==

acorn@8.14.0:
  version "8.14.0"
  resolved "https://registry.npmjs.org/acorn/-/acorn-8.14.0.tgz"
  integrity sha512-cl669nCJTZBsL97OF4kUQm5g5hC2uihk0NxY3WENAC0TYdILVkAyHymAntgxGkl7K+t0cXIrH5siy5S4XkFycA==

blake3-wasm@2.1.5:
  version "2.1.5"
  resolved "https://registry.npmjs.org/blake3-wasm/-/blake3-wasm-2.1.5.tgz"
  integrity sha512-F1+K8EbfOZE49dtoPtmxUQrpXaBIl3ICvasLh+nJta0xkz+9kF/7uet9fLnwKqhDrmj6g+6K3Tw9yQPUg2ka5g==

color-convert@^2.0.1:
  version "2.0.1"
  resolved "https://registry.npmjs.org/color-convert/-/color-convert-2.0.1.tgz"
  integrity sha512-RRECPsj7iu/xb5oKYcsFHSppFNnsj/52OVTRKb4zP5onXwVF3zVmmToNcOfGC+CRDpfK/U584fMg38ZHCaElKQ==
  dependencies:
    color-name "~1.1.4"

color-name@^1.0.0, color-name@~1.1.4:
  version "1.1.4"
  resolved "https://registry.npmjs.org/color-name/-/color-name-1.1.4.tgz"
  integrity sha512-dOy+3AuW3a2wNbZHIuMZpTcgjGuLU/uBL/ubcZF9OXbDo8ff4O8yVp5Bf0efS8uEoYo5q4Fx7dY9OgQGXgAsQA==

color-string@^1.9.0:
  version "1.9.1"
  resolved "https://registry.npmjs.org/color-string/-/color-string-1.9.1.tgz"
  integrity sha512-shrVawQFojnZv6xM40anx4CkoDP+fZsw/ZerEMsW/pyzsRbElpsL/DBVW7q3ExxwusdNXI3lXpuhEZkzs8p5Eg==
  dependencies:
    color-name "^1.0.0"
    simple-swizzle "^0.2.2"

color@^4.2.3:
  version "4.2.3"
  resolved "https://registry.npmjs.org/color/-/color-4.2.3.tgz"
  integrity sha512-1rXeuUUiGGrykh+CeBdu5Ie7OJwinCgQY0bc7GCRxy5xVHy+moaqkpL/jqQq0MtQOeYcrqEz4abc5f0KtU7W4A==
  dependencies:
    color-convert "^2.0.1"
    color-string "^1.9.0"

cookie@^1.0.2:
  version "1.1.1"
  resolved "https://registry.npmjs.org/cookie/-/cookie-1.1.1.tgz"
  integrity sha512-ei8Aos7ja0weRpFzJnEA9UHJ/7XQmqglbRwnf2ATjcB9Wq874VKH9kfjjirM6UhU2/E5fFYadylyhFldcqSidQ==

detect-libc@^2.0.3:
  version "2.1.2"
  resolved "https://registry.npmjs.org/detect-libc/-/detect-libc-2.1.2.tgz"
  integrity sha512-Btj2BOOO83o3WyH59e8MgXsxEQVcarkUOpEYrubB0urwnN10yQ364rsiByU11nZlqWYZm05i/of7io4mzihBtQ==

error-stack-parser-es@^1.0.5:
  version "1.0.5"
  resolved "https://registry.npmjs.org/error-stack-parser-es/-/error-stack-parser-es-1.0.5.tgz"
  integrity sha512-5qucVt2XcuGMcEGgWI7i+yZpmpByQ8J1lHhcL7PwqCwu9FPP3VUXzT4ltHe5i2z9dePwEHcDVOAfSnHsOlCXRA==

esbuild@0.27.0:
  version "0.27.0"
  resolved "https://registry.npmjs.org/esbuild/-/esbuild-0.27.0.tgz"
  integrity sha512-jd0f4NHbD6cALCyGElNpGAOtWxSq46l9X/sWB0Nzd5er4Kz2YTm+Vl0qKFT9KUJvD8+fiO8AvoHhFvEatfVixA==
  optionalDependencies:
    "@esbuild/aix-ppc64" "0.27.0"
    "@esbuild/android-arm" "0.27.0"
    "@esbuild/android-arm64" "0.27.0"
    "@esbuild/android-x64" "0.27.0"
    "@esbuild/darwin-arm64" "0.27.0"
    "@esbuild/darwin-x64" "0.27.0"
    "@esbuild/freebsd-arm64" "0.27.0"
    "@esbuild/freebsd-x64" "0.27.0"
    "@esbuild/linux-arm" "0.27.0"
    "@esbuild/linux-arm64" "0.27.0"
    "@esbuild/linux-ia32" "0.27.0"
    "@esbuild/linux-loong64" "0.27.0"
    "@esbuild/linux-mips64el" "0.27.0"
    "@esbuild/linux-ppc64" "0.27.0"
    "@esbuild/linux-riscv64" "0.27.0"
    "@esbuild/linux-s390x" "0.27.0"
    "@esbuild/linux-x64" "0.27.0"
    "@esbuild/netbsd-arm64" "0.27.0"
    "@esbuild/netbsd-x64" "0.27.0"
    "@esbuild/openbsd-arm64" "0.27.0"
    "@esbuild/openbsd-x64" "0.27.0"
    "@esbuild/openharmony-arm64" "0.27.0"
    "@esbuild/sunos-x64" "0.27.0"
    "@esbuild/win32-arm64" "0.27.0"
    "@esbuild/win32-ia32" "0.27.0"
    "@esbuild/win32-x64" "0.27.0"

exit-hook@2.2.1:
  version "2.2.1"
  resolved "https://registry.npmjs.org/exit-hook/-/exit-hook-2.2.1.tgz"
  integrity sha512-eNTPlAD67BmP31LDINZ3U7HSF8l57TxOY2PmBJ1shpCvpnxBF93mWCE8YHBnXs8qiUZJc9WDcWIeC3a2HIAMfw==

glob-to-regexp@0.4.1:
  version "0.4.1"
  resolved "https://registry.npmjs.org/glob-to-regexp/-/glob-to-regexp-0.4.1.tgz"
  integrity sha512-lkX1HJXwyMcprw/5YUZc2s7DrpAiHB21/V+E1rHUrVNokkvB6bqMzT0VfV6/86ZNabt1k14YOIaT7nDvOX3Iiw==

is-arrayish@^0.3.1:
  version "0.3.4"
  resolved "https://registry.npmjs.org/is-arrayish/-/is-arrayish-0.3.4.tgz"
  integrity sha512-m6UrgzFVUYawGBh1dUsWR5M2Clqic9RVXC/9f8ceNlv2IcO9j9J/z8UoCLPqtsPBFNzEpfR3xftohbfqDx8EQA==

kleur@^4.1.5:
  version "4.1.5"
  resolved "https://registry.npmjs.org/kleur/-/kleur-4.1.5.tgz"
  integrity sha512-o+NO+8WrRiQEE4/7nwRJhN1HWpVmJm511pBHUxPLtp0BUISzlBplORYSmTclCnJvQq2tKu/sgl3xVpkc7ZWuQQ==

mime@^3.0.0:
  version "3.0.0"
  resolved "https://registry.npmjs.org/mime/-/mime-3.0.0.tgz"
  integrity sha512-jSCU7/VB1loIWBZe14aEYHU/+1UMEHoaO7qxCOVJOw9GgH72VAWppxNcjU+x9a2k3GSIBXNKxXQFqRvvZ7vr3A==

miniflare@4.20251210.0:
  version "4.20251210.0"
  resolved "https://registry.npmjs.org/miniflare/-/miniflare-4.20251210.0.tgz"
  integrity sha512-k6kIoXwGVqlPZb0hcn+X7BmnK+8BjIIkusQPY22kCo2RaQJ/LzAjtxHQdGXerlHSnJyQivDQsL6BJHMpQfUFyw==
  dependencies:
    "@cspotcode/source-map-support" "0.8.1"
    acorn "8.14.0"
    acorn-walk "8.3.2"
    exit-hook "2.2.1"
    glob-to-regexp "0.4.1"
    sharp "^0.33.5"
    stoppable "1.1.0"
    undici "7.14.0"
    workerd "1.20251210.0"
    ws "8.18.0"
    youch "4.1.0-beta.10"
    zod "3.22.3"

path-to-regexp@6.3.0:
  version "6.3.0"
  resolved "https://registry.npmjs.org/path-to-regexp/-/path-to-regexp-6.3.0.tgz"
  integrity sha512-Yhpw4T9C6hPpgPeA28us07OJeqZ5EzQTkbfwuhsUg0c237RomFoETJgmp2sa3F/41gfLE6G5cqcYwznmeEeOlQ==

pathe@^2.0.3:
  version "2.0.3"
  resolved "https://registry.npmjs.org/pathe/-/pathe-2.0.3.tgz"
  integrity sha512-WUjGcAqP1gQacoQe+OBJsFA7Ld4DyXuUIjZ5cc75cLHvJ7dtNsTugphxIADwspS+AraAUePCKrSVtPLFj/F88w==

semver@^7.6.3:
  version "7.7.3"
  resolved "https://registry.npmjs.org/semver/-/semver-7.7.3.tgz"
  integrity sha512-SdsKMrI9TdgjdweUSR9MweHA4EJ8YxHn8DFaDisvhVlUOe4BF1tLD7GAj0lIqWVl+dPb/rExr0Btby5loQm20Q==

sharp@^0.33.5:
  version "0.33.5"
  resolved "https://registry.npmjs.org/sharp/-/sharp-0.33.5.tgz"
  integrity sha512-haPVm1EkS9pgvHrQ/F3Xy+hgcuMV0Wm9vfIBSiwZ05k+xgb0PkBQpGsAA/oWdDobNaZTH5ppvHtzCFbnSEwHVw==
  dependencies:
    color "^4.2.3"
    detect-libc "^2.0.3"
    semver "^7.6.3"
  optionalDependencies:
    "@img/sharp-darwin-arm64" "0.33.5"
    "@img/sharp-darwin-x64" "0.33.5"
    "@img/sharp-libvips-darwin-arm64" "1.0.4"
    "@img/sharp-libvips-darwin-x64" "1.0.4"
    "@img/sharp-libvips-linux-arm" "1.0.5"
    "@img/sharp-libvips-linux-arm64" "1.0.4"
    "@img/sharp-libvips-linux-s390x" "1.0.4"
    "@img/sharp-libvips-linux-x64" "1.0.4"
    "@img/sharp-libvips-linuxmusl-arm64" "1.0.4"
    "@img/sharp-libvips-linuxmusl-x64" "1.0.4"
    "@img/sharp-linux-arm" "0.33.5"
    "@img/sharp-linux-arm64" "0.33.5"
    "@img/sharp-linux-s390x" "0.33.5"
    "@img/sharp-linux-x64" "0.33.5"
    "@img/sharp-linuxmusl-arm64" "0.33.5"
    "@img/sharp-linuxmusl-x64" "0.33.5"
    "@img/sharp-wasm32" "0.33.5"
    "@img/sharp-win32-ia32" "0.33.5"
    "@img/sharp-win32-x64" "0.33.5"

simple-swizzle@^0.2.2:
  version "0.2.4"
  resolved "https://registry.npmjs.org/simple-swizzle/-/simple-swizzle-0.2.4.tgz"
  integrity sha512-nAu1WFPQSMNr2Zn9PGSZK9AGn4t/y97lEm+MXTtUDwfP0ksAIX4nO+6ruD9Jwut4C49SB1Ws+fbXsm/yScWOHw==
  dependencies:
    is-arrayish "^0.3.1"

stoppable@1.1.0:
  version "1.1.0"
  resolved "https://registry.npmjs.org/stoppable/-/stoppable-1.1.0.tgz"
  integrity sha512-KXDYZ9dszj6bzvnEMRYvxgeTHU74QBFL54XKtP3nyMuJ81CFYtABZ3bAzL2EdFUaEwJOBOgENyFj3R7oTzDyyw==

supports-color@^10.0.0:
  version "10.2.2"
  resolved "https://registry.npmjs.org/supports-color/-/supports-color-10.2.2.tgz"
  integrity sha512-SS+jx45GF1QjgEXQx4NJZV9ImqmO2NPz5FNsIHrsDjh2YsHnawpan7SNQ1o8NuhrbHZy9AZhIoCUiCeaW/C80g==

undici@7.14.0:
  version "7.14.0"
  resolved "https://registry.npmjs.org/undici/-/undici-7.14.0.tgz"
  integrity sha512-Vqs8HTzjpQXZeXdpsfChQTlafcMQaaIwnGwLam1wudSSjlJeQ3bw1j+TLPePgrCnCpUXx7Ba5Pdpf5OBih62NQ==

unenv@2.0.0-rc.24:
  version "2.0.0-rc.24"
  resolved "https://registry.npmjs.org/unenv/-/unenv-2.0.0-rc.24.tgz"
  integrity sha512-i7qRCmY42zmCwnYlh9H2SvLEypEFGye5iRmEMKjcGi7zk9UquigRjFtTLz0TYqr0ZGLZhaMHl/foy1bZR+Cwlw==
  dependencies:
    pathe "^2.0.3"

workerd@^1.20251202.0, workerd@1.20251210.0:
  version "1.20251210.0"
  resolved "https://registry.npmjs.org/workerd/-/workerd-1.20251210.0.tgz"
  integrity sha512-9MUUneP1BnRE9XAYi94FXxHmiLGbO75EHQZsgWqSiOXjoXSqJCw8aQbIEPxCy19TclEl/kHUFYce8ST2W+Qpjw==
  optionalDependencies:
    "@cloudflare/workerd-darwin-64" "1.20251210.0"
    "@cloudflare/workerd-darwin-arm64" "1.20251210.0"
    "@cloudflare/workerd-linux-64" "1.20251210.0"
    "@cloudflare/workerd-linux-arm64" "1.20251210.0"
    "@cloudflare/workerd-windows-64" "1.20251210.0"

wrangler@^4.54.0:
  version "4.54.0"
  resolved "https://registry.npmjs.org/wrangler/-/wrangler-4.54.0.tgz"
  integrity sha512-bANFsjDwJLbprYoBK+hUDZsVbUv2SqJd8QvArLIcZk+fPq4h/Ohtj5vkKXD3k0s2bD1DXLk08D+hYmeNH+xC6A==
  dependencies:
    "@cloudflare/kv-asset-handler" "0.4.1"
    "@cloudflare/unenv-preset" "2.7.13"
    blake3-wasm "2.1.5"
    esbuild "0.27.0"
    miniflare "4.20251210.0"
    path-to-regexp "6.3.0"
    unenv "2.0.0-rc.24"
    workerd "1.20251210.0"
  optionalDependencies:
    fsevents "~2.3.2"

ws@8.18.0:
  version "8.18.0"
  resolved "https://registry.npmjs.org/ws/-/ws-8.18.0.tgz"
  integrity sha512-8VbfWfHLbbwu3+N6OKsOMpBdT4kXPDDB9cJk2bJ6mh9ucxdlnNvH1e+roYkKmN9Nxw2yjz7VzeO9oOz2zJ04Pw==

youch-core@^0.3.3:
  version "0.3.3"
  resolved "https://registry.npmjs.org/youch-core/-/youch-core-0.3.3.tgz"
  integrity sha512-ho7XuGjLaJ2hWHoK8yFnsUGy2Y5uDpqSTq1FkHLK4/oqKtyUU1AFbOOxY4IpC9f0fTLjwYbslUz0Po5BpD1wrA==
  dependencies:
    "@poppinss/exception" "^1.2.2"
    error-stack-parser-es "^1.0.5"

youch@4.1.0-beta.10:
  version "4.1.0-beta.10"
  resolved "https://registry.npmjs.org/youch/-/youch-4.1.0-beta.10.tgz"
  integrity sha512-rLfVLB4FgQneDr0dv1oddCVZmKjcJ6yX6mS4pU82Mq/Dt9a3cLZQ62pDBL4AUO+uVrCvtWz3ZFUL2HFAFJ/BXQ==
  dependencies:
    "@poppinss/colors" "^4.1.5"
    "@poppinss/dumper" "^0.6.4"
    "@speed-highlight/core" "^1.2.7"
    cookie "^1.0.2"
    youch-core "^0.3.3"

zod@3.22.3:
  version "3.22.3"
  resolved "https://registry.npmjs.org/zod/-/zod-3.22.3.tgz"
  integrity sha512-EjIevzuJRiRPbVH4mGc8nApb/lVLKVpmUhAaR5R5doKGfAnGJ6Gr3CViAVjP+4FWSxCsybeWQdcgCtbX+7oZug==
